{
  "name": "kida",
  "version": "3.2.5",
  "lockfileVersion": 3,
  "requires": true,
  "packages": {
    "": {
      "name": "kida",
      "version": "3.2.5",
      "workspaces": [
        "packages/kida-api",
        "packages/kida-api-test",
        "packages/kida-brela",
        "packages/kida-brela-test",
        "packages/kida-fake",
        "packages/kida-fake-test",
        "packages_imported/ktor-ktor-client-core/3.3.3",
        "packages_imported/kommander-coroutines/3.2.5"
      ],
      "devDependencies": {}
    },
    "node_modules/kida-api": {
      "resolved": "packages/kida-api",
      "link": true
    },
    "node_modules/kida-api-test": {
      "resolved": "packages/kida-api-test",
      "link": true
    },
    "node_modules/kida-brela": {
      "resolved": "packages/kida-brela",
      "link": true
    },
    "node_modules/kida-brela-test": {
      "resolved": "packages/kida-brela-test",
      "link": true
    },
    "node_modules/kida-fake": {
      "resolved": "packages/kida-fake",
      "link": true
    },
    "node_modules/kida-fake-test": {
      "resolved": "packages/kida-fake-test",
      "link": true
    },
    "node_modules/kommander-coroutines": {
      "resolved": "packages_imported/kommander-coroutines/3.2.5",
      "link": true
    },
    "node_modules/ktor-ktor-client-core": {
      "resolved": "packages_imported/ktor-ktor-client-core/3.3.3",
      "link": true
    },
    "node_modules/ws": {
      "version": "8.18.3",
      "resolved": "https://registry.npmjs.org/ws/-/ws-8.18.3.tgz",
      "integrity": "sha512-PEIGCY5tSlUt50cqyMXfCzX+oOPqN0vuGqWzbcJ2xvnkzkq46oOpz7dQaTDBdfICb4N14+GARUDw2XV2N4tvzg==",
      "license": "MIT",
      "engines": {
        "node": ">=10.0.0"
      },
      "peerDependencies": {
        "bufferutil": "^4.0.1",
        "utf-8-validate": ">=5.0.2"
      },
      "peerDependenciesMeta": {
        "bufferutil": {
          "optional": true
        },
        "utf-8-validate": {
          "optional": true
        }
      }
    },
    "packages_imported/kommander-coroutines/3.1.14": {
      "name": "kommander-coroutines",
      "version": "3.1.14",
      "extraneous": true,
      "devDependencies": {}
    },
    "packages_imported/kommander-coroutines/3.2.2": {
      "version": "3.2.2",
      "extraneous": true,
      "devDependencies": {}
    },
    "packages_imported/kommander-coroutines/3.2.5": {
      "name": "kommander-coroutines",
      "version": "3.2.5",
      "devDependencies": {}
    },
    "packages_imported/koncurrent-later-core/3.1.14": {
      "name": "koncurrent-later-core",
      "version": "3.1.14",
      "extraneous": true,
      "devDependencies": {}
    },
    "packages_imported/koncurrent-later-core/3.2.2": {
      "version": "3.2.2",
      "extraneous": true,
      "devDependencies": {}
    },
    "packages_imported/koncurrent-later-coroutines/3.1.14": {
      "name": "koncurrent-later-coroutines",
      "version": "3.1.14",
      "extraneous": true,
      "devDependencies": {}
    },
    "packages_imported/koncurrent-later-coroutines/3.2.2": {
      "version": "3.2.2",
      "extraneous": true,
      "devDependencies": {}
    },
    "packages_imported/ktor-ktor-client-core-wasm-js/3.2.2": {
      "name": "ktor-ktor-client-core-wasm-js",
      "version": "3.2.2",
      "extraneous": true,
      "dependencies": {
        "ws": "8.18.0"
      },
      "devDependencies": {}
    },
    "packages_imported/ktor-ktor-client-core/3.3.3": {
      "name": "ktor-ktor-client-core",
      "version": "3.3.3",
      "dependencies": {
        "ws": "8.18.3"
      },
      "devDependencies": {}
    },
    "packages/kida-api": {
      "version": "3.2.5",
      "devDependencies": {}
    },
    "packages/kida-api-test": {
      "version": "3.2.5",
      "devDependencies": {}
    },
    "packages/kida-brela": {
      "version": "3.2.5",
      "dependencies": {
        "ws": "8.18.3"
      },
      "devDependencies": {}
    },
    "packages/kida-brela-test": {
      "version": "3.2.5",
      "dependencies": {
        "ws": "8.18.3"
      },
      "devDependencies": {}
    },
    "packages/kida-fake": {
      "version": "3.2.5",
      "devDependencies": {}
    },
    "packages/kida-fake-test": {
      "version": "3.2.5",
      "devDependencies": {}
    }
  }
}
